<?xml version="1.0" encoding="utf-8"?>
<Project ToolsVersion="4.0" xmlns="http://schemas.microsoft.com/developer/msbuild/2003">
  <ItemGroup>
    <Filter Include="Engine">
      <UniqueIdentifier>{1bda102a-fd87-4841-bf5a-98b8fc516a2a}</UniqueIdentifier>
    </Filter>
    <Filter Include="Engine\Game">
      <UniqueIdentifier>{30d0888a-c3f7-4f29-9925-b3e3b5d52683}</UniqueIdentifier>
    </Filter>
    <Filter Include="Engine\Objects">
      <UniqueIdentifier>{a9dbdfa0-9ec6-45bb-9628-d932d4f10ef4}</UniqueIdentifier>
    </Filter>
    <Filter Include="Engine\Source Files">
      <UniqueIdentifier>{4FC737F1-C7A5-4376-A066-2A32D752A2FF}</UniqueIdentifier>
      <Extensions>cpp;c;cc;cxx;c++;cppm;ixx;def;odl;idl;hpj;bat;asm;asmx</Extensions>
    </Filter>
    <Filter Include="Engine\Tools">
      <UniqueIdentifier>{9731af23-8824-4fd9-910e-fabfbc64a4d9}</UniqueIdentifier>
    </Filter>
    <Filter Include="Instance">
      <UniqueIdentifier>{9a0c14b0-d1eb-4694-8855-21e55325199d}</UniqueIdentifier>
    </Filter>
  </ItemGroup>
  <ItemGroup>
    <ClCompile Include="Private\main.cpp">
      <Filter>Engine\Source Files</Filter>
    </ClCompile>
    <ClCompile Include="Private\Tools\Source\Game.cpp">
      <Filter>Engine\Game</Filter>
    </ClCompile>
    <ClCompile Include="Private\Tools\Source\Tools.cpp">
      <Filter>Engine\Tools</Filter>
    </ClCompile>
    <ClCompile Include="Public\Scripts\GameScripts.cpp">
      <Filter>Instance</Filter>
    </ClCompile>
  </ItemGroup>
  <ItemGroup>
    <ClInclude Include="Private\Tools\Include\Game.h">
      <Filter>Engine\Game</Filter>
    </ClInclude>
    <ClInclude Include="Private\Tools\Include\Tools.h">
      <Filter>Engine\Tools</Filter>
    </ClInclude>
    <ClInclude Include="Private\Tools\Include\Types.h">
      <Filter>Engine\Objects</Filter>
    </ClInclude>
    <ClInclude Include="Private\Tools\CommonHeaders.h">
      <Filter>Engine</Filter>
    </ClInclude>
    <ClInclude Include="Public\Scripts\GameScripts.h">
      <Filter>Instance</Filter>
    </ClInclude>
    <ClInclude Include="Public\Scripts\Settings.h">
      <Filter>Instance</Filter>
    </ClInclude>
  </ItemGroup>
</Project>